// !$*UTF8*$!
{
	archiveVersion = 1;
	classes = {
	};
	objectVersion = 46;
	objects = {

/* Begin PBXBuildFile section */
		2A041B661AB0532D00A2A8EA /* icon.png in Resources */ = {isa = PBXBuildFile; fileRef = 2A041B651AB0532D00A2A8EA /* icon.png */; };
		2A3E92011AB139920077BB76 /* GameCenter.swift in Sources */ = {isa = PBXBuildFile; fileRef = 2A3E92001AB139920077BB76 /* GameCenter.swift */; };
		2A3E92031AB142DF0077BB76 /* GCHelper.swift in Sources */ = {isa = PBXBuildFile; fileRef = 2A3E92021AB142DF0077BB76 /* GCHelper.swift */; };
		2A46E2771AAC0130001BDB2D /* platform.swift in Sources */ = {isa = PBXBuildFile; fileRef = 2A46E2761AAC0130001BDB2D /* platform.swift */; };
		2A4AD80C1AAEDB890085CFC7 /* score.png in Resources */ = {isa = PBXBuildFile; fileRef = 2A4AD80B1AAEDB890085CFC7 /* score.png */; };
		2A4AD80E1AAEDC340085CFC7 /* surplustime.png in Resources */ = {isa = PBXBuildFile; fileRef = 2A4AD80D1AAEDC340085CFC7 /* surplustime.png */; };
		2A5118921AAD487300CDE08D /* endScene.swift in Sources */ = {isa = PBXBuildFile; fileRef = 2A5118911AAD487300CDE08D /* endScene.swift */; };
		2A5A8B6B1AAA9C4C009D2F29 /* BitMaskType.swift in Sources */ = {isa = PBXBuildFile; fileRef = 2A5A8B6A1AAA9C4C009D2F29 /* BitMaskType.swift */; };
		2A5A8B6F1AAAB9D8009D2F29 /* 分享.png in Resources */ = {isa = PBXBuildFile; fileRef = 2A5A8B6C1AAAB9D8009D2F29 /* 分享.png */; };
		2A5A8B701AAAB9D8009D2F29 /* 开始.png in Resources */ = {isa = PBXBuildFile; fileRef = 2A5A8B6D1AAAB9D8009D2F29 /* 开始.png */; };
		2A5A8B711AAAB9D8009D2F29 /* 评分.png in Resources */ = {isa = PBXBuildFile; fileRef = 2A5A8B6E1AAAB9D8009D2F29 /* 评分.png */; };
		2A5A8B731AAAD987009D2F29 /* 斯派克.png in Resources */ = {isa = PBXBuildFile; fileRef = 2A5A8B721AAAD986009D2F29 /* 斯派克.png */; };
		2A5A8B7B1AAAE141009D2F29 /* ViewController.swift in Sources */ = {isa = PBXBuildFile; fileRef = 2A5A8B7A1AAAE141009D2F29 /* ViewController.swift */; };
		2A5A8B7D1AAAE3C5009D2F29 /* help.png in Resources */ = {isa = PBXBuildFile; fileRef = 2A5A8B7C1AAAE3C5009D2F29 /* help.png */; };
		2A5F11B11AAD755200D8BCBA /* gameover.png in Resources */ = {isa = PBXBuildFile; fileRef = 2A5F11B01AAD755200D8BCBA /* gameover.png */; };
		2A5F11B31AAD758200D8BCBA /* historyscore.png in Resources */ = {isa = PBXBuildFile; fileRef = 2A5F11B21AAD758200D8BCBA /* historyscore.png */; };
		2A5F11B51AAD763C00D8BCBA /* newrecord.png in Resources */ = {isa = PBXBuildFile; fileRef = 2A5F11B41AAD763C00D8BCBA /* newrecord.png */; };
		2A5F11B71AAD7BEA00D8BCBA /* 边框.png in Resources */ = {isa = PBXBuildFile; fileRef = 2A5F11B61AAD7BEA00D8BCBA /* 边框.png */; };
		2A5F11B91AAD889900D8BCBA /* back.png in Resources */ = {isa = PBXBuildFile; fileRef = 2A5F11B81AAD889900D8BCBA /* back.png */; };
		2A6845F81AADFE9100194138 /* AdSupport.framework in Frameworks */ = {isa = PBXBuildFile; fileRef = 2A6845F71AADFE9100194138 /* AdSupport.framework */; };
		2A6845FA1AADFE9A00194138 /* CoreLocation.framework in Frameworks */ = {isa = PBXBuildFile; fileRef = 2A6845F91AADFE9A00194138 /* CoreLocation.framework */; };
		2A6845FC1AADFEC000194138 /* QuartzCore.framework in Frameworks */ = {isa = PBXBuildFile; fileRef = 2A6845FB1AADFEC000194138 /* QuartzCore.framework */; };
		2A6845FE1AADFEC900194138 /* SystemConfiguration.framework in Frameworks */ = {isa = PBXBuildFile; fileRef = 2A6845FD1AADFEC900194138 /* SystemConfiguration.framework */; };
		2A6846001AADFED100194138 /* CoreTelephony.framework in Frameworks */ = {isa = PBXBuildFile; fileRef = 2A6845FF1AADFED100194138 /* CoreTelephony.framework */; };
		2A6846021AADFED900194138 /* libz.dylib in Frameworks */ = {isa = PBXBuildFile; fileRef = 2A6846011AADFED900194138 /* libz.dylib */; };
		2A6846081AADFF6600194138 /* libGDTMobSDK_v3.3.a in Frameworks */ = {isa = PBXBuildFile; fileRef = 2A6846071AADFF6600194138 /* libGDTMobSDK_v3.3.a */; };
		2A68460A1AADFFC800194138 /* Security.framework in Frameworks */ = {isa = PBXBuildFile; fileRef = 2A6846091AADFFC800194138 /* Security.framework */; };
		2A68460C1AADFFD200194138 /* StoreKit.framework in Frameworks */ = {isa = PBXBuildFile; fileRef = 2A68460B1AADFFD200194138 /* StoreKit.framework */; };
		2A687BE61AAB6BA90015F07F /* playScene.swift in Sources */ = {isa = PBXBuildFile; fileRef = 2A687BE51AAB6BA90015F07F /* playScene.swift */; };
		2A690C061AB0322800D6DF31 /* weixin.png in Resources */ = {isa = PBXBuildFile; fileRef = 2A690C051AB0322800D6DF31 /* weixin.png */; };
		2A690C081AB0323700D6DF31 /* pengyouquan.png in Resources */ = {isa = PBXBuildFile; fileRef = 2A690C071AB0323700D6DF31 /* pengyouquan.png */; };
		2A690C0E1AB0398500D6DF31 /* libWeChatSDK.a in Frameworks */ = {isa = PBXBuildFile; fileRef = 2A690C0A1AB0398500D6DF31 /* libWeChatSDK.a */; };
		2A690C0F1AB0398500D6DF31 /* read_me.txt in Resources */ = {isa = PBXBuildFile; fileRef = 2A690C0B1AB0398500D6DF31 /* read_me.txt */; };
		2A690C111AB03D9900D6DF31 /* libsqlite3.0.dylib in Frameworks */ = {isa = PBXBuildFile; fileRef = 2A690C101AB03D9900D6DF31 /* libsqlite3.0.dylib */; };
		2A755AFF1AAD9C4400D17CCE /* logo.png in Resources */ = {isa = PBXBuildFile; fileRef = 2A755AFE1AAD9C4400D17CCE /* logo.png */; };
		2A7766DD1AAD6F8A00CF0F6E /* endscore.png in Resources */ = {isa = PBXBuildFile; fileRef = 2A7766DC1AAD6F8A00CF0F6E /* endscore.png */; };
		2A7BD46A1AB1361000E3115D /* GameKit.framework in Frameworks */ = {isa = PBXBuildFile; fileRef = 2A7BD4691AB1361000E3115D /* GameKit.framework */; settings = {ATTRIBUTES = (Required, ); }; };
		2A892E911AA9910300A26461 /* AppDelegate.swift in Sources */ = {isa = PBXBuildFile; fileRef = 2A892E901AA9910300A26461 /* AppDelegate.swift */; };
		2A892E931AA9910300A26461 /* GameScene.sks in Resources */ = {isa = PBXBuildFile; fileRef = 2A892E921AA9910300A26461 /* GameScene.sks */; };
		2A892E951AA9910300A26461 /* GameScene.swift in Sources */ = {isa = PBXBuildFile; fileRef = 2A892E941AA9910300A26461 /* GameScene.swift */; };
		2A892E971AA9910300A26461 /* GameViewController.swift in Sources */ = {isa = PBXBuildFile; fileRef = 2A892E961AA9910300A26461 /* GameViewController.swift */; };
		2A892E9A1AA9910300A26461 /* Main.storyboard in Resources */ = {isa = PBXBuildFile; fileRef = 2A892E981AA9910300A26461 /* Main.storyboard */; };
		2A892E9C1AA9910300A26461 /* Images.xcassets in Resources */ = {isa = PBXBuildFile; fileRef = 2A892E9B1AA9910300A26461 /* Images.xcassets */; };
		2A892E9F1AA9910300A26461 /* LaunchScreen.xib in Resources */ = {isa = PBXBuildFile; fileRef = 2A892E9D1AA9910300A26461 /* LaunchScreen.xib */; };
		2A892EAB1AA9910300A26461 /* PoleVaultTests.swift in Sources */ = {isa = PBXBuildFile; fileRef = 2A892EAA1AA9910300A26461 /* PoleVaultTests.swift */; };
		2A892EB81AA9A30F00A26461 /* bombFactory.swift in Sources */ = {isa = PBXBuildFile; fileRef = 2A892EB71AA9A30F00A26461 /* bombFactory.swift */; };
		2AC293581AAF54720098E498 /* backgroundsounds.mp3 in Resources */ = {isa = PBXBuildFile; fileRef = 2AC293571AAF54720098E498 /* backgroundsounds.mp3 */; };
		2AC354EA1AAC90B600A71A36 /* gradualchange.swift in Sources */ = {isa = PBXBuildFile; fileRef = 2AC354E71AAC90B600A71A36 /* gradualchange.swift */; };
		2AC354EE1AAC9A2B00A71A36 /* bomb_0.png in Resources */ = {isa = PBXBuildFile; fileRef = 2AC354ED1AAC9A2B00A71A36 /* bomb_0.png */; };
		2AC354F01AAC9A3200A71A36 /* bomb_3.png in Resources */ = {isa = PBXBuildFile; fileRef = 2AC354EF1AAC9A3200A71A36 /* bomb_3.png */; };
		2AC354F21AAC9A3B00A71A36 /* bomb_2.png in Resources */ = {isa = PBXBuildFile; fileRef = 2AC354F11AAC9A3B00A71A36 /* bomb_2.png */; };
		2AC354F41AACA04900A71A36 /* 虚线.png in Resources */ = {isa = PBXBuildFile; fileRef = 2AC354F31AACA04900A71A36 /* 虚线.png */; };
		2AC354F81AACBA4100A71A36 /* bomb_1.png in Resources */ = {isa = PBXBuildFile; fileRef = 2AC354F71AACBA4100A71A36 /* bomb_1.png */; };
		2AC354FD1AACBD0A00A71A36 /* JNWSpringAnimation.m in Sources */ = {isa = PBXBuildFile; fileRef = 2AC354FA1AACBD0A00A71A36 /* JNWSpringAnimation.m */; };
		2AC354FE1AACBD0A00A71A36 /* NSValue+JNWAdditions.m in Sources */ = {isa = PBXBuildFile; fileRef = 2AC354FC1AACBD0A00A71A36 /* NSValue+JNWAdditions.m */; };
		2AC9ED631AAF320400E9379A /* bo.wav in Resources */ = {isa = PBXBuildFile; fileRef = 2AC9ED611AAF320400E9379A /* bo.wav */; };
		2AC9ED641AAF320400E9379A /* dong.wav in Resources */ = {isa = PBXBuildFile; fileRef = 2AC9ED621AAF320400E9379A /* dong.wav */; };
		2AC9ED661AAF3A3C00E9379A /* lose.mp3 in Resources */ = {isa = PBXBuildFile; fileRef = 2AC9ED651AAF3A3C00E9379A /* lose.mp3 */; };
		2AC9ED6A1AAF479200E9379A /* dong.mp3 in Resources */ = {isa = PBXBuildFile; fileRef = 2AC9ED691AAF479200E9379A /* dong.mp3 */; };
		2AD07AEB1AB003F700072968 /* bomb.atlas in Resources */ = {isa = PBXBuildFile; fileRef = 2AD07AEA1AB003F700072968 /* bomb.atlas */; };
		2AED2F041AB1F35C0049FDD2 /* lead.png in Resources */ = {isa = PBXBuildFile; fileRef = 2AED2F031AB1F35C0049FDD2 /* lead.png */; };
/* End PBXBuildFile section */

/* Begin PBXContainerItemProxy section */
		2A892EA51AA9910300A26461 /* PBXContainerItemProxy */ = {
			isa = PBXContainerItemProxy;
			containerPortal = 2A892E831AA9910300A26461 /* Project object */;
			proxyType = 1;
			remoteGlobalIDString = 2A892E8A1AA9910300A26461;
			remoteInfo = PoleVault;
		};
/* End PBXContainerItemProxy section */

/* Begin PBXFileReference section */
		2A041B651AB0532D00A2A8EA /* icon.png */ = {isa = PBXFileReference; lastKnownFileType = image.png; name = icon.png; path = ../../../../Desktop/PoleVault/icon.png; sourceTree = "<group>"; };
		2A3E92001AB139920077BB76 /* GameCenter.swift */ = {isa = PBXFileReference; fileEncoding = 4; lastKnownFileType = sourcecode.swift; path = GameCenter.swift; sourceTree = "<group>"; };
		2A3E92021AB142DF0077BB76 /* GCHelper.swift */ = {isa = PBXFileReference; fileEncoding = 4; lastKnownFileType = sourcecode.swift; path = GCHelper.swift; sourceTree = "<group>"; };
		2A46E26E1AABFACA001BDB2D /* PoleVault-Bridging-Header.h */ = {isa = PBXFileReference; lastKnownFileType = sourcecode.c.h; path = "PoleVault-Bridging-Header.h"; sourceTree = "<group>"; };
		2A46E2761AAC0130001BDB2D /* platform.swift */ = {isa = PBXFileReference; fileEncoding = 4; lastKnownFileType = sourcecode.swift; path = platform.swift; sourceTree = "<group>"; };
		2A4AD80B1AAEDB890085CFC7 /* score.png */ = {isa = PBXFileReference; lastKnownFileType = image.png; path = score.png; sourceTree = "<group>"; };
		2A4AD80D1AAEDC340085CFC7 /* surplustime.png */ = {isa = PBXFileReference; lastKnownFileType = image.png; path = surplustime.png; sourceTree = "<group>"; };
		2A5118911AAD487300CDE08D /* endScene.swift */ = {isa = PBXFileReference; fileEncoding = 4; lastKnownFileType = sourcecode.swift; path = endScene.swift; sourceTree = "<group>"; };
		2A5A8B6A1AAA9C4C009D2F29 /* BitMaskType.swift */ = {isa = PBXFileReference; fileEncoding = 4; lastKnownFileType = sourcecode.swift; path = BitMaskType.swift; sourceTree = "<group>"; };
		2A5A8B6C1AAAB9D8009D2F29 /* 分享.png */ = {isa = PBXFileReference; lastKnownFileType = image.png; path = "分享.png"; sourceTree = "<group>"; };
		2A5A8B6D1AAAB9D8009D2F29 /* 开始.png */ = {isa = PBXFileReference; lastKnownFileType = image.png; path = "开始.png"; sourceTree = "<group>"; };
		2A5A8B6E1AAAB9D8009D2F29 /* 评分.png */ = {isa = PBXFileReference; lastKnownFileType = image.png; path = "评分.png"; sourceTree = "<group>"; };
		2A5A8B721AAAD986009D2F29 /* 斯派克.png */ = {isa = PBXFileReference; lastKnownFileType = image.png; path = "斯派克.png"; sourceTree = "<group>"; };
		2A5A8B7A1AAAE141009D2F29 /* ViewController.swift */ = {isa = PBXFileReference; fileEncoding = 4; lastKnownFileType = sourcecode.swift; path = ViewController.swift; sourceTree = "<group>"; };
		2A5A8B7C1AAAE3C5009D2F29 /* help.png */ = {isa = PBXFileReference; lastKnownFileType = image.png; path = help.png; sourceTree = "<group>"; };
		2A5F11B01AAD755200D8BCBA /* gameover.png */ = {isa = PBXFileReference; lastKnownFileType = image.png; path = gameover.png; sourceTree = "<group>"; };
		2A5F11B21AAD758200D8BCBA /* historyscore.png */ = {isa = PBXFileReference; lastKnownFileType = image.png; path = historyscore.png; sourceTree = "<group>"; };
		2A5F11B41AAD763C00D8BCBA /* newrecord.png */ = {isa = PBXFileReference; lastKnownFileType = image.png; path = newrecord.png; sourceTree = "<group>"; };
		2A5F11B61AAD7BEA00D8BCBA /* 边框.png */ = {isa = PBXFileReference; lastKnownFileType = image.png; path = "边框.png"; sourceTree = "<group>"; };
		2A5F11B81AAD889900D8BCBA /* back.png */ = {isa = PBXFileReference; lastKnownFileType = image.png; path = back.png; sourceTree = "<group>"; };
		2A6845F71AADFE9100194138 /* AdSupport.framework */ = {isa = PBXFileReference; lastKnownFileType = wrapper.framework; name = AdSupport.framework; path = System/Library/Frameworks/AdSupport.framework; sourceTree = SDKROOT; };
		2A6845F91AADFE9A00194138 /* CoreLocation.framework */ = {isa = PBXFileReference; lastKnownFileType = wrapper.framework; name = CoreLocation.framework; path = System/Library/Frameworks/CoreLocation.framework; sourceTree = SDKROOT; };
		2A6845FB1AADFEC000194138 /* QuartzCore.framework */ = {isa = PBXFileReference; lastKnownFileType = wrapper.framework; name = QuartzCore.framework; path = System/Library/Frameworks/QuartzCore.framework; sourceTree = SDKROOT; };
		2A6845FD1AADFEC900194138 /* SystemConfiguration.framework */ = {isa = PBXFileReference; lastKnownFileType = wrapper.framework; name = SystemConfiguration.framework; path = System/Library/Frameworks/SystemConfiguration.framework; sourceTree = SDKROOT; };
		2A6845FF1AADFED100194138 /* CoreTelephony.framework */ = {isa = PBXFileReference; lastKnownFileType = wrapper.framework; name = CoreTelephony.framework; path = System/Library/Frameworks/CoreTelephony.framework; sourceTree = SDKROOT; };
		2A6846011AADFED900194138 /* libz.dylib */ = {isa = PBXFileReference; lastKnownFileType = "compiled.mach-o.dylib"; name = libz.dylib; path = usr/lib/libz.dylib; sourceTree = SDKROOT; };
		2A6846041AADFF6600194138 /* GDTMobBannerView.h */ = {isa = PBXFileReference; fileEncoding = 4; lastKnownFileType = sourcecode.c.h; path = GDTMobBannerView.h; sourceTree = "<group>"; };
		2A6846051AADFF6600194138 /* GDTMobInterstitial.h */ = {isa = PBXFileReference; fileEncoding = 4; lastKnownFileType = sourcecode.c.h; path = GDTMobInterstitial.h; sourceTree = "<group>"; };
		2A6846061AADFF6600194138 /* GDTNativeAd.h */ = {isa = PBXFileReference; fileEncoding = 4; lastKnownFileType = sourcecode.c.h; path = GDTNativeAd.h; sourceTree = "<group>"; };
		2A6846071AADFF6600194138 /* libGDTMobSDK_v3.3.a */ = {isa = PBXFileReference; lastKnownFileType = archive.ar; path = libGDTMobSDK_v3.3.a; sourceTree = "<group>"; };
		2A6846091AADFFC800194138 /* Security.framework */ = {isa = PBXFileReference; lastKnownFileType = wrapper.framework; name = Security.framework; path = System/Library/Frameworks/Security.framework; sourceTree = SDKROOT; };
		2A68460B1AADFFD200194138 /* StoreKit.framework */ = {isa = PBXFileReference; lastKnownFileType = wrapper.framework; name = StoreKit.framework; path = System/Library/Frameworks/StoreKit.framework; sourceTree = SDKROOT; };
		2A687BE51AAB6BA90015F07F /* playScene.swift */ = {isa = PBXFileReference; fileEncoding = 4; lastKnownFileType = sourcecode.swift; path = playScene.swift; sourceTree = "<group>"; };
		2A690C051AB0322800D6DF31 /* weixin.png */ = {isa = PBXFileReference; lastKnownFileType = image.png; path = weixin.png; sourceTree = "<group>"; };
		2A690C071AB0323700D6DF31 /* pengyouquan.png */ = {isa = PBXFileReference; lastKnownFileType = image.png; path = pengyouquan.png; sourceTree = "<group>"; };
		2A690C0A1AB0398500D6DF31 /* libWeChatSDK.a */ = {isa = PBXFileReference; lastKnownFileType = archive.ar; path = libWeChatSDK.a; sourceTree = "<group>"; };
		2A690C0B1AB0398500D6DF31 /* read_me.txt */ = {isa = PBXFileReference; fileEncoding = 4; lastKnownFileType = text; path = read_me.txt; sourceTree = "<group>"; };
		2A690C0C1AB0398500D6DF31 /* WXApi.h */ = {isa = PBXFileReference; fileEncoding = 4; lastKnownFileType = sourcecode.c.h; path = WXApi.h; sourceTree = "<group>"; };
		2A690C0D1AB0398500D6DF31 /* WXApiObject.h */ = {isa = PBXFileReference; fileEncoding = 4; lastKnownFileType = sourcecode.c.h; path = WXApiObject.h; sourceTree = "<group>"; };
		2A690C101AB03D9900D6DF31 /* libsqlite3.0.dylib */ = {isa = PBXFileReference; lastKnownFileType = "compiled.mach-o.dylib"; name = libsqlite3.0.dylib; path = usr/lib/libsqlite3.0.dylib; sourceTree = SDKROOT; };
		2A755AFE1AAD9C4400D17CCE /* logo.png */ = {isa = PBXFileReference; lastKnownFileType = image.png; path = logo.png; sourceTree = "<group>"; };
		2A7766DC1AAD6F8A00CF0F6E /* endscore.png */ = {isa = PBXFileReference; lastKnownFileType = image.png; path = endscore.png; sourceTree = "<group>"; };
		2A7BD4691AB1361000E3115D /* GameKit.framework */ = {isa = PBXFileReference; lastKnownFileType = wrapper.framework; name = GameKit.framework; path = System/Library/Frameworks/GameKit.framework; sourceTree = SDKROOT; };
		2A892E8B1AA9910300A26461 /* PoleVault.app */ = {isa = PBXFileReference; explicitFileType = wrapper.application; includeInIndex = 0; path = PoleVault.app; sourceTree = BUILT_PRODUCTS_DIR; };
		2A892E8F1AA9910300A26461 /* Info.plist */ = {isa = PBXFileReference; lastKnownFileType = text.plist.xml; path = Info.plist; sourceTree = "<group>"; };
		2A892E901AA9910300A26461 /* AppDelegate.swift */ = {isa = PBXFileReference; lastKnownFileType = sourcecode.swift; path = AppDelegate.swift; sourceTree = "<group>"; };
		2A892E921AA9910300A26461 /* GameScene.sks */ = {isa = PBXFileReference; lastKnownFileType = file.sks; path = GameScene.sks; sourceTree = "<group>"; };
		2A892E941AA9910300A26461 /* GameScene.swift */ = {isa = PBXFileReference; lastKnownFileType = sourcecode.swift; path = GameScene.swift; sourceTree = "<group>"; };
		2A892E961AA9910300A26461 /* GameViewController.swift */ = {isa = PBXFileReference; lastKnownFileType = sourcecode.swift; path = GameViewController.swift; sourceTree = "<group>"; };
		2A892E991AA9910300A26461 /* Base */ = {isa = PBXFileReference; lastKnownFileType = file.storyboard; name = Base; path = Base.lproj/Main.storyboard; sourceTree = "<group>"; };
		2A892E9B1AA9910300A26461 /* Images.xcassets */ = {isa = PBXFileReference; lastKnownFileType = folder.assetcatalog; path = Images.xcassets; sourceTree = "<group>"; };
		2A892E9E1AA9910300A26461 /* Base */ = {isa = PBXFileReference; lastKnownFileType = file.xib; name = Base; path = Base.lproj/LaunchScreen.xib; sourceTree = "<group>"; };
		2A892EA41AA9910300A26461 /* PoleVaultTests.xctest */ = {isa = PBXFileReference; explicitFileType = wrapper.cfbundle; includeInIndex = 0; path = PoleVaultTests.xctest; sourceTree = BUILT_PRODUCTS_DIR; };
		2A892EA91AA9910300A26461 /* Info.plist */ = {isa = PBXFileReference; lastKnownFileType = text.plist.xml; path = Info.plist; sourceTree = "<group>"; };
		2A892EAA1AA9910300A26461 /* PoleVaultTests.swift */ = {isa = PBXFileReference; lastKnownFileType = sourcecode.swift; path = PoleVaultTests.swift; sourceTree = "<group>"; };
		2A892EB71AA9A30F00A26461 /* bombFactory.swift */ = {isa = PBXFileReference; fileEncoding = 4; lastKnownFileType = sourcecode.swift; path = bombFactory.swift; sourceTree = "<group>"; };
		2AC293571AAF54720098E498 /* backgroundsounds.mp3 */ = {isa = PBXFileReference; lastKnownFileType = audio.mp3; path = backgroundsounds.mp3; sourceTree = "<group>"; };
		2AC354E71AAC90B600A71A36 /* gradualchange.swift */ = {isa = PBXFileReference; fileEncoding = 4; lastKnownFileType = sourcecode.swift; path = gradualchange.swift; sourceTree = "<group>"; };
		2AC354ED1AAC9A2B00A71A36 /* bomb_0.png */ = {isa = PBXFileReference; lastKnownFileType = image.png; path = bomb_0.png; sourceTree = "<group>"; };
		2AC354EF1AAC9A3200A71A36 /* bomb_3.png */ = {isa = PBXFileReference; lastKnownFileType = image.png; path = bomb_3.png; sourceTree = "<group>"; };
		2AC354F11AAC9A3B00A71A36 /* bomb_2.png */ = {isa = PBXFileReference; lastKnownFileType = image.png; path = bomb_2.png; sourceTree = "<group>"; };
		2AC354F31AACA04900A71A36 /* 虚线.png */ = {isa = PBXFileReference; lastKnownFileType = image.png; path = "虚线.png"; sourceTree = "<group>"; };
		2AC354F71AACBA4100A71A36 /* bomb_1.png */ = {isa = PBXFileReference; lastKnownFileType = image.png; path = bomb_1.png; sourceTree = "<group>"; };
		2AC354F91AACBD0A00A71A36 /* JNWSpringAnimation.h */ = {isa = PBXFileReference; fileEncoding = 4; lastKnownFileType = sourcecode.c.h; path = JNWSpringAnimation.h; sourceTree = "<group>"; };
		2AC354FA1AACBD0A00A71A36 /* JNWSpringAnimation.m */ = {isa = PBXFileReference; fileEncoding = 4; lastKnownFileType = sourcecode.c.objc; path = JNWSpringAnimation.m; sourceTree = "<group>"; };
		2AC354FB1AACBD0A00A71A36 /* NSValue+JNWAdditions.h */ = {isa = PBXFileReference; fileEncoding = 4; lastKnownFileType = sourcecode.c.h; path = "NSValue+JNWAdditions.h"; sourceTree = "<group>"; };
		2AC354FC1AACBD0A00A71A36 /* NSValue+JNWAdditions.m */ = {isa = PBXFileReference; fileEncoding = 4; lastKnownFileType = sourcecode.c.objc; path = "NSValue+JNWAdditions.m"; sourceTree = "<group>"; };
		2AC9ED611AAF320400E9379A /* bo.wav */ = {isa = PBXFileReference; lastKnownFileType = audio.wav; path = bo.wav; sourceTree = "<group>"; };
		2AC9ED621AAF320400E9379A /* dong.wav */ = {isa = PBXFileReference; lastKnownFileType = audio.wav; path = dong.wav; sourceTree = "<group>"; };
		2AC9ED651AAF3A3C00E9379A /* lose.mp3 */ = {isa = PBXFileReference; lastKnownFileType = audio.mp3; path = lose.mp3; sourceTree = "<group>"; };
		2AC9ED691AAF479200E9379A /* dong.mp3 */ = {isa = PBXFileReference; lastKnownFileType = audio.mp3; path = dong.mp3; sourceTree = "<group>"; };
		2AD07AEA1AB003F700072968 /* bomb.atlas */ = {isa = PBXFileReference; lastKnownFileType = folder.skatlas; path = bomb.atlas; sourceTree = "<group>"; };
		2AED2F031AB1F35C0049FDD2 /* lead.png */ = {isa = PBXFileReference; lastKnownFileType = image.png; path = lead.png; sourceTree = "<group>"; };
/* End PBXFileReference section */

/* Begin PBXFrameworksBuildPhase section */
		2A892E881AA9910300A26461 /* Frameworks */ = {
			isa = PBXFrameworksBuildPhase;
			buildActionMask = 2147483647;
			files = (
				2A7BD46A1AB1361000E3115D /* GameKit.framework in Frameworks */,
				2A6846001AADFED100194138 /* CoreTelephony.framework in Frameworks */,
				2A690C111AB03D9900D6DF31 /* libsqlite3.0.dylib in Frameworks */,
				2A68460C1AADFFD200194138 /* StoreKit.framework in Frameworks */,
				2A68460A1AADFFC800194138 /* Security.framework in Frameworks */,
				2A6846021AADFED900194138 /* libz.dylib in Frameworks */,
				2A690C0E1AB0398500D6DF31 /* libWeChatSDK.a in Frameworks */,
				2A6845FE1AADFEC900194138 /* SystemConfiguration.framework in Frameworks */,
				2A6845FC1AADFEC000194138 /* QuartzCore.framework in Frameworks */,
				2A6845FA1AADFE9A00194138 /* CoreLocation.framework in Frameworks */,
				2A6846081AADFF6600194138 /* libGDTMobSDK_v3.3.a in Frameworks */,
				2A6845F81AADFE9100194138 /* AdSupport.framework in Frameworks */,
			);
			runOnlyForDeploymentPostprocessing = 0;
		};
		2A892EA11AA9910300A26461 /* Frameworks */ = {
			isa = PBXFrameworksBuildPhase;
			buildActionMask = 2147483647;
			files = (
			);
			runOnlyForDeploymentPostprocessing = 0;
		};
/* End PBXFrameworksBuildPhase section */

/* Begin PBXGroup section */
		2A6846031AADFF6600194138 /* libs */ = {
			isa = PBXGroup;
			children = (
				2A3E92001AB139920077BB76 /* GameCenter.swift */,
				2A3E92021AB142DF0077BB76 /* GCHelper.swift */,
				2A6846041AADFF6600194138 /* GDTMobBannerView.h */,
				2A6846051AADFF6600194138 /* GDTMobInterstitial.h */,
				2A6846061AADFF6600194138 /* GDTNativeAd.h */,
				2A6846071AADFF6600194138 /* libGDTMobSDK_v3.3.a */,
			);
			path = libs;
			sourceTree = "<group>";
		};
		2A68460D1AADFFD600194138 /* framework */ = {
			isa = PBXGroup;
			children = (
				2A7BD4691AB1361000E3115D /* GameKit.framework */,
				2A690C101AB03D9900D6DF31 /* libsqlite3.0.dylib */,
				2A690C091AB0398500D6DF31 /* WeChatSDK_1.5 */,
				2A68460B1AADFFD200194138 /* StoreKit.framework */,
				2A6846091AADFFC800194138 /* Security.framework */,
				2A6846011AADFED900194138 /* libz.dylib */,
				2A6845FF1AADFED100194138 /* CoreTelephony.framework */,
				2A6845FD1AADFEC900194138 /* SystemConfiguration.framework */,
				2A6845FB1AADFEC000194138 /* QuartzCore.framework */,
				2A6845F91AADFE9A00194138 /* CoreLocation.framework */,
				2A6845F71AADFE9100194138 /* AdSupport.framework */,
			);
			name = framework;
			sourceTree = "<group>";
		};
		2A690C091AB0398500D6DF31 /* WeChatSDK_1.5 */ = {
			isa = PBXGroup;
			children = (
				2A690C0A1AB0398500D6DF31 /* libWeChatSDK.a */,
				2A690C0B1AB0398500D6DF31 /* read_me.txt */,
				2A690C0C1AB0398500D6DF31 /* WXApi.h */,
				2A690C0D1AB0398500D6DF31 /* WXApiObject.h */,
			);
			path = WeChatSDK_1.5;
			sourceTree = "<group>";
		};
		2A892E821AA9910300A26461 = {
			isa = PBXGroup;
			children = (
				2A68460D1AADFFD600194138 /* framework */,
				2A6846031AADFF6600194138 /* libs */,
				2A892E8D1AA9910300A26461 /* PoleVault */,
				2A892EA71AA9910300A26461 /* PoleVaultTests */,
				2A892E8C1AA9910300A26461 /* Products */,
			);
			sourceTree = "<group>";
		};
		2A892E8C1AA9910300A26461 /* Products */ = {
			isa = PBXGroup;
			children = (
				2A892E8B1AA9910300A26461 /* PoleVault.app */,
				2A892EA41AA9910300A26461 /* PoleVaultTests.xctest */,
			);
			name = Products;
			sourceTree = "<group>";
		};
		2A892E8D1AA9910300A26461 /* PoleVault */ = {
			isa = PBXGroup;
			children = (
				2AC9ED601AAF31F500E9379A /* sounds */,
				2AC354E21AAC909800A71A36 /* assist */,
				2A892EB41AA99D6C00A26461 /* image */,
				2A892E901AA9910300A26461 /* AppDelegate.swift */,
				2A892E921AA9910300A26461 /* GameScene.sks */,
				2A892E941AA9910300A26461 /* GameScene.swift */,
				2A892EB71AA9A30F00A26461 /* bombFactory.swift */,
				2A5A8B7A1AAAE141009D2F29 /* ViewController.swift */,
				2A687BE51AAB6BA90015F07F /* playScene.swift */,
				2A46E2761AAC0130001BDB2D /* platform.swift */,
				2A5118911AAD487300CDE08D /* endScene.swift */,
				2A5A8B6A1AAA9C4C009D2F29 /* BitMaskType.swift */,
				2A892E961AA9910300A26461 /* GameViewController.swift */,
				2A892E981AA9910300A26461 /* Main.storyboard */,
				2A892E9B1AA9910300A26461 /* Images.xcassets */,
				2A892E9D1AA9910300A26461 /* LaunchScreen.xib */,
				2A892E8E1AA9910300A26461 /* Supporting Files */,
				2A46E26E1AABFACA001BDB2D /* PoleVault-Bridging-Header.h */,
			);
			path = PoleVault;
			sourceTree = "<group>";
		};
		2A892E8E1AA9910300A26461 /* Supporting Files */ = {
			isa = PBXGroup;
			children = (
				2A892E8F1AA9910300A26461 /* Info.plist */,
			);
			name = "Supporting Files";
			sourceTree = "<group>";
		};
		2A892EA71AA9910300A26461 /* PoleVaultTests */ = {
			isa = PBXGroup;
			children = (
				2A892EAA1AA9910300A26461 /* PoleVaultTests.swift */,
				2A892EA81AA9910300A26461 /* Supporting Files */,
			);
			path = PoleVaultTests;
			sourceTree = "<group>";
		};
		2A892EA81AA9910300A26461 /* Supporting Files */ = {
			isa = PBXGroup;
			children = (
				2A892EA91AA9910300A26461 /* Info.plist */,
			);
			name = "Supporting Files";
			sourceTree = "<group>";
		};
		2A892EB41AA99D6C00A26461 /* image */ = {
			isa = PBXGroup;
			children = (
				2A041B651AB0532D00A2A8EA /* icon.png */,
				2AD07AEA1AB003F700072968 /* bomb.atlas */,
				2A5F11B01AAD755200D8BCBA /* gameover.png */,
				2A755AFE1AAD9C4400D17CCE /* logo.png */,
				2A690C051AB0322800D6DF31 /* weixin.png */,
				2A690C071AB0323700D6DF31 /* pengyouquan.png */,
				2A5F11B61AAD7BEA00D8BCBA /* 边框.png */,
				2A5F11B81AAD889900D8BCBA /* back.png */,
				2A7766DC1AAD6F8A00CF0F6E /* endscore.png */,
				2A5F11B41AAD763C00D8BCBA /* newrecord.png */,
				2A5F11B21AAD758200D8BCBA /* historyscore.png */,
				2A4AD80D1AAEDC340085CFC7 /* surplustime.png */,
				2AED2F031AB1F35C0049FDD2 /* lead.png */,
				2AC354ED1AAC9A2B00A71A36 /* bomb_0.png */,
				2AC354F71AACBA4100A71A36 /* bomb_1.png */,
				2AC354F11AAC9A3B00A71A36 /* bomb_2.png */,
				2AC354EF1AAC9A3200A71A36 /* bomb_3.png */,
				2A4AD80B1AAEDB890085CFC7 /* score.png */,
				2AC354F31AACA04900A71A36 /* 虚线.png */,
				2A5A8B6C1AAAB9D8009D2F29 /* 分享.png */,
				2A5A8B721AAAD986009D2F29 /* 斯派克.png */,
				2A5A8B6D1AAAB9D8009D2F29 /* 开始.png */,
				2A5A8B7C1AAAE3C5009D2F29 /* help.png */,
				2A5A8B6E1AAAB9D8009D2F29 /* 评分.png */,
			);
			name = image;
			sourceTree = "<group>";
		};
		2AC354E21AAC909800A71A36 /* assist */ = {
			isa = PBXGroup;
			children = (
				2AC354E71AAC90B600A71A36 /* gradualchange.swift */,
				2AC354FA1AACBD0A00A71A36 /* JNWSpringAnimation.m */,
				2AC354F91AACBD0A00A71A36 /* JNWSpringAnimation.h */,
				2AC354FB1AACBD0A00A71A36 /* NSValue+JNWAdditions.h */,
				2AC354FC1AACBD0A00A71A36 /* NSValue+JNWAdditions.m */,
			);
			name = assist;
			sourceTree = "<group>";
		};
		2AC9ED601AAF31F500E9379A /* sounds */ = {
			isa = PBXGroup;
			children = (
				2AC9ED611AAF320400E9379A /* bo.wav */,
				2AC9ED651AAF3A3C00E9379A /* lose.mp3 */,
				2AC293571AAF54720098E498 /* backgroundsounds.mp3 */,
				2AC9ED691AAF479200E9379A /* dong.mp3 */,
				2AC9ED621AAF320400E9379A /* dong.wav */,
			);
			name = sounds;
			sourceTree = "<group>";
		};
/* End PBXGroup section */

/* Begin PBXNativeTarget section */
		2A892E8A1AA9910300A26461 /* PoleVault */ = {
			isa = PBXNativeTarget;
			buildConfigurationList = 2A892EAE1AA9910300A26461 /* Build configuration list for PBXNativeTarget "PoleVault" */;
			buildPhases = (
				2A892E871AA9910300A26461 /* Sources */,
				2A892E881AA9910300A26461 /* Frameworks */,
				2A892E891AA9910300A26461 /* Resources */,
			);
			buildRules = (
			);
			dependencies = (
			);
			name = PoleVault;
			productName = PoleVault;
			productReference = 2A892E8B1AA9910300A26461 /* PoleVault.app */;
			productType = "com.apple.product-type.application";
		};
		2A892EA31AA9910300A26461 /* PoleVaultTests */ = {
			isa = PBXNativeTarget;
			buildConfigurationList = 2A892EB11AA9910300A26461 /* Build configuration list for PBXNativeTarget "PoleVaultTests" */;
			buildPhases = (
				2A892EA01AA9910300A26461 /* Sources */,
				2A892EA11AA9910300A26461 /* Frameworks */,
				2A892EA21AA9910300A26461 /* Resources */,
			);
			buildRules = (
			);
			dependencies = (
				2A892EA61AA9910300A26461 /* PBXTargetDependency */,
			);
			name = PoleVaultTests;
			productName = PoleVaultTests;
			productReference = 2A892EA41AA9910300A26461 /* PoleVaultTests.xctest */;
			productType = "com.apple.product-type.bundle.unit-test";
		};
/* End PBXNativeTarget section */

/* Begin PBXProject section */
		2A892E831AA9910300A26461 /* Project object */ = {
			isa = PBXProject;
			attributes = {
				LastUpgradeCheck = 0610;
				ORGANIZATIONNAME = xlx;
				TargetAttributes = {
					2A892E8A1AA9910300A26461 = {
						CreatedOnToolsVersion = 6.1.1;
						DevelopmentTeam = 2EZHM6E2G9;
					};
					2A892EA31AA9910300A26461 = {
						CreatedOnToolsVersion = 6.1.1;
						TestTargetID = 2A892E8A1AA9910300A26461;
					};
				};
			};
			buildConfigurationList = 2A892E861AA9910300A26461 /* Build configuration list for PBXProject "PoleVault" */;
			compatibilityVersion = "Xcode 3.2";
			developmentRegion = English;
			hasScannedForEncodings = 0;
			knownRegions = (
				en,
				Base,
			);
			mainGroup = 2A892E821AA9910300A26461;
			productRefGroup = 2A892E8C1AA9910300A26461 /* Products */;
			projectDirPath = "";
			projectRoot = "";
			targets = (
				2A892E8A1AA9910300A26461 /* PoleVault */,
				2A892EA31AA9910300A26461 /* PoleVaultTests */,
			);
		};
/* End PBXProject section */

/* Begin PBXResourcesBuildPhase section */
		2A892E891AA9910300A26461 /* Resources */ = {
			isa = PBXResourcesBuildPhase;
			buildActionMask = 2147483647;
			files = (
				2A5F11B91AAD889900D8BCBA /* back.png in Resources */,
				2A5F11B71AAD7BEA00D8BCBA /* 边框.png in Resources */,
				2A755AFF1AAD9C4400D17CCE /* logo.png in Resources */,
				2A690C061AB0322800D6DF31 /* weixin.png in Resources */,
				2A690C081AB0323700D6DF31 /* pengyouquan.png in Resources */,
				2AC293581AAF54720098E498 /* backgroundsounds.mp3 in Resources */,
				2A690C0F1AB0398500D6DF31 /* read_me.txt in Resources */,
				2AC354EE1AAC9A2B00A71A36 /* bomb_0.png in Resources */,
				2A5A8B731AAAD987009D2F29 /* 斯派克.png in Resources */,
				2AC9ED641AAF320400E9379A /* dong.wav in Resources */,
				2AC354F41AACA04900A71A36 /* 虚线.png in Resources */,
				2A892E9F1AA9910300A26461 /* LaunchScreen.xib in Resources */,
				2A5A8B6F1AAAB9D8009D2F29 /* 分享.png in Resources */,
				2A5F11B31AAD758200D8BCBA /* historyscore.png in Resources */,
				2A5F11B11AAD755200D8BCBA /* gameover.png in Resources */,
				2A4AD80E1AAEDC340085CFC7 /* surplustime.png in Resources */,
				2AC354F81AACBA4100A71A36 /* bomb_1.png in Resources */,
				2A041B661AB0532D00A2A8EA /* icon.png in Resources */,
				2A7766DD1AAD6F8A00CF0F6E /* endscore.png in Resources */,
				2AED2F041AB1F35C0049FDD2 /* lead.png in Resources */,
				2AC9ED6A1AAF479200E9379A /* dong.mp3 in Resources */,
				2A892E9C1AA9910300A26461 /* Images.xcassets in Resources */,
				2A892E931AA9910300A26461 /* GameScene.sks in Resources */,
				2A5A8B701AAAB9D8009D2F29 /* 开始.png in Resources */,
				2AC354F01AAC9A3200A71A36 /* bomb_3.png in Resources */,
				2A4AD80C1AAEDB890085CFC7 /* score.png in Resources */,
				2AC354F21AAC9A3B00A71A36 /* bomb_2.png in Resources */,
				2AC9ED631AAF320400E9379A /* bo.wav in Resources */,
				2A5A8B7D1AAAE3C5009D2F29 /* help.png in Resources */,
				2AD07AEB1AB003F700072968 /* bomb.atlas in Resources */,
				2A892E9A1AA9910300A26461 /* Main.storyboard in Resources */,
				2A5A8B711AAAB9D8009D2F29 /* 评分.png in Resources */,
				2A5F11B51AAD763C00D8BCBA /* newrecord.png in Resources */,
				2AC9ED661AAF3A3C00E9379A /* lose.mp3 in Resources */,
			);
			runOnlyForDeploymentPostprocessing = 0;
		};
		2A892EA21AA9910300A26461 /* Resources */ = {
			isa = PBXResourcesBuildPhase;
			buildActionMask = 2147483647;
			files = (
			);
			runOnlyForDeploymentPostprocessing = 0;
		};
/* End PBXResourcesBuildPhase section */

/* Begin PBXSourcesBuildPhase section */
		2A892E871AA9910300A26461 /* Sources */ = {
			isa = PBXSourcesBuildPhase;
			buildActionMask = 2147483647;
			files = (
				2AC354EA1AAC90B600A71A36 /* gradualchange.swift in Sources */,
				2A3E92031AB142DF0077BB76 /* GCHelper.swift in Sources */,
				2A5A8B7B1AAAE141009D2F29 /* ViewController.swift in Sources */,
				2A3E92011AB139920077BB76 /* GameCenter.swift in Sources */,
				2A5118921AAD487300CDE08D /* endScene.swift in Sources */,
				2A5A8B6B1AAA9C4C009D2F29 /* BitMaskType.swift in Sources */,
				2A687BE61AAB6BA90015F07F /* playScene.swift in Sources */,
				2A892EB81AA9A30F00A26461 /* bombFactory.swift in Sources */,
				2AC354FE1AACBD0A00A71A36 /* NSValue+JNWAdditions.m in Sources */,
				2AC354FD1AACBD0A00A71A36 /* JNWSpringAnimation.m in Sources */,
				2A892E951AA9910300A26461 /* GameScene.swift in Sources */,
				2A892E971AA9910300A26461 /* GameViewController.swift in Sources */,
				2A46E2771AAC0130001BDB2D /* platform.swift in Sources */,
				2A892E911AA9910300A26461 /* AppDelegate.swift in Sources */,
			);
			runOnlyForDeploymentPostprocessing = 0;
		};
		2A892EA01AA9910300A26461 /* Sources */ = {
			isa = PBXSourcesBuildPhase;
			buildActionMask = 2147483647;
			files = (
				2A892EAB1AA9910300A26461 /* PoleVaultTests.swift in Sources */,
			);
			runOnlyForDeploymentPostprocessing = 0;
		};
/* End PBXSourcesBuildPhase section */

/* Begin PBXTargetDependency section */
		2A892EA61AA9910300A26461 /* PBXTargetDependency */ = {
			isa = PBXTargetDependency;
			target = 2A892E8A1AA9910300A26461 /* PoleVault */;
			targetProxy = 2A892EA51AA9910300A26461 /* PBXContainerItemProxy */;
		};
/* End PBXTargetDependency section */

/* Begin PBXVariantGroup section */
		2A892E981AA9910300A26461 /* Main.storyboard */ = {
			isa = PBXVariantGroup;
			children = (
				2A892E991AA9910300A26461 /* Base */,
			);
			name = Main.storyboard;
			sourceTree = "<group>";
		};
		2A892E9D1AA9910300A26461 /* LaunchScreen.xib */ = {
			isa = PBXVariantGroup;
			children = (
				2A892E9E1AA9910300A26461 /* Base */,
			);
			name = LaunchScreen.xib;
			sourceTree = "<group>";
		};
/* End PBXVariantGroup section */

/* Begin XCBuildConfiguration section */
		2A892EAC1AA9910300A26461 /* Debug */ = {
			isa = XCBuildConfiguration;
			buildSettings = {
				ALWAYS_SEARCH_USER_PATHS = NO;
				CLANG_CXX_LANGUAGE_STANDARD = "gnu++0x";
				CLANG_CXX_LIBRARY = "libc++";
				CLANG_ENABLE_MODULES = YES;
				CLANG_ENABLE_OBJC_ARC = YES;
				CLANG_WARN_BOOL_CONVERSION = YES;
				CLANG_WARN_CONSTANT_CONVERSION = YES;
				CLANG_WARN_DIRECT_OBJC_ISA_USAGE = YES_ERROR;
				CLANG_WARN_EMPTY_BODY = YES;
				CLANG_WARN_ENUM_CONVERSION = YES;
				CLANG_WARN_INT_CONVERSION = YES;
				CLANG_WARN_OBJC_ROOT_CLASS = YES_ERROR;
				CLANG_WARN_UNREACHABLE_CODE = YES;
				CLANG_WARN__DUPLICATE_METHOD_MATCH = YES;
				"CODE_SIGN_IDENTITY[sdk=iphoneos*]" = "iPhone Developer";
				COPY_PHASE_STRIP = NO;
				ENABLE_STRICT_OBJC_MSGSEND = YES;
				GCC_C_LANGUAGE_STANDARD = gnu99;
				GCC_DYNAMIC_NO_PIC = NO;
				GCC_OPTIMIZATION_LEVEL = 0;
				GCC_PREPROCESSOR_DEFINITIONS = (
					"DEBUG=1",
					"$(inherited)",
				);
				GCC_SYMBOLS_PRIVATE_EXTERN = NO;
				GCC_WARN_64_TO_32_BIT_CONVERSION = YES;
				GCC_WARN_ABOUT_RETURN_TYPE = YES_ERROR;
				GCC_WARN_UNDECLARED_SELECTOR = YES;
				GCC_WARN_UNINITIALIZED_AUTOS = YES_AGGRESSIVE;
				GCC_WARN_UNUSED_FUNCTION = YES;
				GCC_WARN_UNUSED_VARIABLE = YES;
				IPHONEOS_DEPLOYMENT_TARGET = 8.1;
				MTL_ENABLE_DEBUG_INFO = YES;
				ONLY_ACTIVE_ARCH = YES;
				SDKROOT = iphoneos;
				SWIFT_OPTIMIZATION_LEVEL = "-Onone";
				TARGETED_DEVICE_FAMILY = "1,2";
			};
			name = Debug;
		};
		2A892EAD1AA9910300A26461 /* Release */ = {
			isa = XCBuildConfiguration;
			buildSettings = {
				ALWAYS_SEARCH_USER_PATHS = NO;
				CLANG_CXX_LANGUAGE_STANDARD = "gnu++0x";
				CLANG_CXX_LIBRARY = "libc++";
				CLANG_ENABLE_MODULES = YES;
				CLANG_ENABLE_OBJC_ARC = YES;
				CLANG_WARN_BOOL_CONVERSION = YES;
				CLANG_WARN_CONSTANT_CONVERSION = YES;
				CLANG_WARN_DIRECT_OBJC_ISA_USAGE = YES_ERROR;
				CLANG_WARN_EMPTY_BODY = YES;
				CLANG_WARN_ENUM_CONVERSION = YES;
				CLANG_WARN_INT_CONVERSION = YES;
				CLANG_WARN_OBJC_ROOT_CLASS = YES_ERROR;
				CLANG_WARN_UNREACHABLE_CODE = YES;
				CLANG_WARN__DUPLICATE_METHOD_MATCH = YES;
				"CODE_SIGN_IDENTITY[sdk=iphoneos*]" = "iPhone Developer";
				COPY_PHASE_STRIP = YES;
				ENABLE_NS_ASSERTIONS = NO;
				ENABLE_STRICT_OBJC_MSGSEND = YES;
				GCC_C_LANGUAGE_STANDARD = gnu99;
				GCC_WARN_64_TO_32_BIT_CONVERSION = YES;
				GCC_WARN_ABOUT_RETURN_TYPE = YES_ERROR;
				GCC_WARN_UNDECLARED_SELECTOR = YES;
				GCC_WARN_UNINITIALIZED_AUTOS = YES_AGGRESSIVE;
				GCC_WARN_UNUSED_FUNCTION = YES;
				GCC_WARN_UNUSED_VARIABLE = YES;
				IPHONEOS_DEPLOYMENT_TARGET = 8.1;
				MTL_ENABLE_DEBUG_INFO = NO;
				SDKROOT = iphoneos;
				TARGETED_DEVICE_FAMILY = "1,2";
				VALIDATE_PRODUCT = YES;
			};
			name = Release;
		};
		2A892EAF1AA9910300A26461 /* Debug */ = {
			isa = XCBuildConfiguration;
			buildSettings = {
				ASSETCATALOG_COMPILER_APPICON_NAME = AppIcon;
				CLANG_ENABLE_MODULES = YES;
				CODE_SIGN_IDENTITY = "iPhone Developer";
				INFOPLIST_FILE = PoleVault/Info.plist;
				IPHONEOS_DEPLOYMENT_TARGET = 8.0;
				LD_RUNPATH_SEARCH_PATHS = "$(inherited) @executable_path/Frameworks";
				LIBRARY_SEARCH_PATHS = (
					"$(inherited)",
					"$(PROJECT_DIR)/PoleVault/GDT_iOS_SDK/GDTMobSample/GDTMobSample/lib",
					"$(PROJECT_DIR)/PoleVault/GDT_iOS_SDK/libs",
					"$(PROJECT_DIR)/libs",
					"$(PROJECT_DIR)/WeChatSDK_1.5",
				);
				OTHER_LDFLAGS = (
					"-lstdc++",
					"-ObjC",
				);
				PRODUCT_NAME = "$(TARGET_NAME)";
				SWIFT_OBJC_BRIDGING_HEADER = "PoleVault/PoleVault-Bridging-Header.h";
				SWIFT_OPTIMIZATION_LEVEL = "-Onone";
			};
			name = Debug;
		};
		2A892EB01AA9910300A26461 /* Release */ = {
			isa = XCBuildConfiguration;
			buildSettings = {
				ASSETCATALOG_COMPILER_APPICON_NAME = AppIcon;
				CLANG_ENABLE_MODULES = YES;
				CODE_SIGN_IDENTITY = "iPhone Developer";
				INFOPLIST_FILE = PoleVault/Info.plist;
				IPHONEOS_DEPLOYMENT_TARGET = 8.0;
				LD_RUNPATH_SEARCH_PATHS = "$(inherited) @executable_path/Frameworks";
				LIBRARY_SEARCH_PATHS = (
					"$(inherited)",
					"$(PROJECT_DIR)/PoleVault/GDT_iOS_SDK/GDTMobSample/GDTMobSample/lib",
					"$(PROJECT_DIR)/PoleVault/GDT_iOS_SDK/libs",
					"$(PROJECT_DIR)/libs",
					"$(PROJECT_DIR)/WeChatSDK_1.5",
				);
				OTHER_LDFLAGS = (
					"-lstdc++",
					"-ObjC",
				);
				PRODUCT_NAME = "$(TARGET_NAME)";
				SWIFT_OBJC_BRIDGING_HEADER = "PoleVault/PoleVault-Bridging-Header.h";
			};
			name = Release;
		};
		2A892EB21AA9910300A26461 /* Debug */ = {
			isa = XCBuildConfiguration;
			buildSettings = {
				BUNDLE_LOADER = "$(TEST_HOST)";
				FRAMEWORK_SEARCH_PATHS = (
					"$(SDKROOT)/Developer/Library/Frameworks",
					"$(inherited)",
				);
				GCC_PREPROCESSOR_DEFINITIONS = (
					"DEBUG=1",
					"$(inherited)",
				);
				INFOPLIST_FILE = PoleVaultTests/Info.plist;
				LD_RUNPATH_SEARCH_PATHS = "$(inherited) @executable_path/Frameworks @loader_path/Frameworks";
				PRODUCT_NAME = "$(TARGET_NAME)";
				TEST_HOST = "$(BUILT_PRODUCTS_DIR)/PoleVault.app/PoleVault";
			};
			name = Debug;
		};
		2A892EB31AA9910300A26461 /* Release */ = {
			isa = XCBuildConfiguration;
			buildSettings = {
				BUNDLE_LOADER = "$(TEST_HOST)";
				FRAMEWORK_SEARCH_PATHS = (
					"$(SDKROOT)/Developer/Library/Frameworks",
					"$(inherited)",
				);
				INFOPLIST_FILE = PoleVaultTests/Info.plist;
				LD_RUNPATH_SEARCH_PATHS = "$(inherited) @executable_path/Frameworks @loader_path/Frameworks";
				PRODUCT_NAME = "$(TARGET_NAME)";
				TEST_HOST = "$(BUILT_PRODUCTS_DIR)/PoleVault.app/PoleVault";
			};
			name = Release;
		};
/* End XCBuildConfiguration section */

/* Begin XCConfigurationList section */
		2A892E861AA9910300A26461 /* Build configuration list for PBXProject "PoleVault" */ = {
			isa = XCConfigurationList;
			buildConfigurations = (
				2A892EAC1AA9910300A26461 /* Debug */,
				2A892EAD1AA9910300A26461 /* Release */,
			);
			defaultConfigurationIsVisible = 0;
			defaultConfigurationName = Release;
		};
		2A892EAE1AA9910300A26461 /* Build configuration list for PBXNativeTarget "PoleVault" */ = {
			isa = XCConfigurationList;
			buildConfigurations = (
				2A892EAF1AA9910300A26461 /* Debug */,
				2A892EB01AA9910300A26461 /* Release */,
			);
			defaultConfigurationIsVisible = 0;
			defaultConfigurationName = Release;
		};
		2A892EB11AA9910300A26461 /* Build configuration list for PBXNativeTarget "PoleVaultTests" */ = {
			isa = XCConfigurationList;
			buildConfigurations = (
				2A892EB21AA9910300A26461 /* Debug */,
				2A892EB31AA9910300A26461 /* Release */,
			);
			defaultConfigurationIsVisible = 0;
			defaultConfigurationName = Release;
		};
/* End XCConfigurationList section */
	};
	rootObject = 2A892E831AA9910300A26461 /* Project object */;
}
